
Microsoft Visual Studio Solution File, Format Version 12.00
# Visual Studio 15
VisualStudioVersion = 15.0.28307.168
MinimumVisualStudioVersion = 10.0.40219.1
Project("{FAE04EC0-301F-11D3-BF4B-00C04F79EFBC}") = "TimerEvents", "TimerEvents\TimerEvents.csproj", "{4D00BE44-FC12-4A54-B6F9-98DB2D0C1E79}"
EndProject
Global
	GlobalSection(SolutionConfigurationPlatforms) = preSolution
		Debug|Any CPU = Debug|Any CPU
		Release|Any CPU = Release|Any CPU
	EndGlobalSection
	GlobalSection(ProjectConfigurationPlatforms) = postSolution
		{4D00BE44-FC12-4A54-B6F9-98DB2D0C1E79}.Debug|Any CPU.ActiveCfg = Debug|Any CPU
		{4D00BE44-FC12-4A54-B6F9-98DB2D0C1E79}.Debug|Any CPU.Build.0 = Debug|Any CPU
		{4D00BE44-FC12-4A54-B6F9-98DB2D0C1E79}.Release|Any CPU.ActiveCfg = Release|Any CPU
		{4D00BE44-FC12-4A54-B6F9-98DB2D0C1E79}.Release|Any CPU.Build.0 = Release|Any CPU
	EndGlobalSection
	GlobalSection(SolutionProperties) = preSolution
		HideSolutionNode = FALSE
	EndGlobalSection
	GlobalSection(ExtensibilityGlobals) = postSolution
		SolutionGuid = {33F166E3-C17C-4D0A-81C3-8665564C93E4}
	EndGlobalSection
EndGlobal
