
Microsoft Visual Studio Solution File, Format Version 12.00
# Visual Studio 15
VisualStudioVersion = 15.0.28307.168
MinimumVisualStudioVersion = 10.0.40219.1
Project("{FAE04EC0-301F-11D3-BF4B-00C04F79EFBC}") = "GenericCollections", "GenericCollections\GenericCollections.csproj", "{F041E180-5C24-4CF3-AA87-283479421275}"
EndProject
Global
	GlobalSection(SolutionConfigurationPlatforms) = preSolution
		Debug|Any CPU = Debug|Any CPU
		Release|Any CPU = Release|Any CPU
	EndGlobalSection
	GlobalSection(ProjectConfigurationPlatforms) = postSolution
		{F041E180-5C24-4CF3-AA87-283479421275}.Debug|Any CPU.ActiveCfg = Debug|Any CPU
		{F041E180-5C24-4CF3-AA87-283479421275}.Debug|Any CPU.Build.0 = Debug|Any CPU
		{F041E180-5C24-4CF3-AA87-283479421275}.Release|Any CPU.ActiveCfg = Release|Any CPU
		{F041E180-5C24-4CF3-AA87-283479421275}.Release|Any CPU.Build.0 = Release|Any CPU
	EndGlobalSection
	GlobalSection(SolutionProperties) = preSolution
		HideSolutionNode = FALSE
	EndGlobalSection
	GlobalSection(ExtensibilityGlobals) = postSolution
		SolutionGuid = {9179F245-869D-470F-ABAC-98DC45C4E4FF}
	EndGlobalSection
EndGlobal
